
Microsoft Visual Studio Solution File, Format Version 12.00
# Visual Studio Version 17
VisualStudioVersion = 17.5.33516.290
MinimumVisualStudioVersion = 10.0.40219.1
Project("{FAE04EC0-301F-11D3-BF4B-00C04F79EFBC}") = "WorkSapce", "WorkSapce\WorkSapce.csproj", "{851DBF66-B0E6-4DAC-BAD4-91E03CEABC30}"
EndProject
Global
	GlobalSection(SolutionConfigurationPlatforms) = preSolution
		Debug|Any CPU = Debug|Any CPU
		Release|Any CPU = Release|Any CPU
	EndGlobalSection
	GlobalSection(ProjectConfigurationPlatforms) = postSolution
		{851DBF66-B0E6-4DAC-BAD4-91E03CEABC30}.Debug|Any CPU.ActiveCfg = Debug|Any CPU
		{851DBF66-B0E6-4DAC-BAD4-91E03CEABC30}.Debug|Any CPU.Build.0 = Debug|Any CPU
		{851DBF66-B0E6-4DAC-BAD4-91E03CEABC30}.Release|Any CPU.ActiveCfg = Release|Any CPU
		{851DBF66-B0E6-4DAC-BAD4-91E03CEABC30}.Release|Any CPU.Build.0 = Release|Any CPU
	EndGlobalSection
	GlobalSection(SolutionProperties) = preSolution
		HideSolutionNode = FALSE
	EndGlobalSection
	GlobalSection(ExtensibilityGlobals) = postSolution
		SolutionGuid = {EF9A02CB-5939-4E7E-9513-4B355A242B9E}
	EndGlobalSection
EndGlobal
